// !$*UTF8*$!
{
	archiveVersion = 1;
	classes = {
	};
	objectVersion = 56;
	objects = {

/* Begin PBXBuildFile section */
		231715E72916FE9E009B4D21 /* Card.swift in Sources */ = {isa = PBXBuildFile; fileRef = 231715E62916FE9E009B4D21 /* Card.swift */; };
		231715EA29170023009B4D21 /* CardView.swift in Sources */ = {isa = PBXBuildFile; fileRef = 231715E929170023009B4D21 /* CardView.swift */; };
		23538513291997A3005D2612 /* EditCardsScreen.swift in Sources */ = {isa = PBXBuildFile; fileRef = 23538512291997A3005D2612 /* EditCardsScreen.swift */; };
		23DAF7BE2911B62700E6FD86 /* FlashzillaApp.swift in Sources */ = {isa = PBXBuildFile; fileRef = 23DAF7BD2911B62700E6FD86 /* FlashzillaApp.swift */; };
		23DAF7C02911B62700E6FD86 /* ContentView.swift in Sources */ = {isa = PBXBuildFile; fileRef = 23DAF7BF2911B62700E6FD86 /* ContentView.swift */; };
		23DAF7C22911B62800E6FD86 /* Assets.xcassets in Resources */ = {isa = PBXBuildFile; fileRef = 23DAF7C12911B62800E6FD86 /* Assets.xcassets */; };
		23DAF7C52911B62800E6FD86 /* Preview Assets.xcassets in Resources */ = {isa = PBXBuildFile; fileRef = 23DAF7C42911B62800E6FD86 /* Preview Assets.xcassets */; };
		23E216EC291AFFD400860E6B /* FileManager.swift in Sources */ = {isa = PBXBuildFile; fileRef = 23E216EB291AFFD400860E6B /* FileManager.swift */; };
		23E216EE291B03AC00860E6B /* CardVıewModel.swift in Sources */ = {isa = PBXBuildFile; fileRef = 23E216ED291B03AC00860E6B /* CardVıewModel.swift */; };
/* End PBXBuildFile section */

/* Begin PBXFileReference section */
		231715E62916FE9E009B4D21 /* Card.swift */ = {isa = PBXFileReference; lastKnownFileType = sourcecode.swift; path = Card.swift; sourceTree = "<group>"; };
		231715E929170023009B4D21 /* CardView.swift */ = {isa = PBXFileReference; lastKnownFileType = sourcecode.swift; path = CardView.swift; sourceTree = "<group>"; };
		23538512291997A3005D2612 /* EditCardsScreen.swift */ = {isa = PBXFileReference; lastKnownFileType = sourcecode.swift; path = EditCardsScreen.swift; sourceTree = "<group>"; };
		23DAF7BA2911B62700E6FD86 /* Flashzilla.app */ = {isa = PBXFileReference; explicitFileType = wrapper.application; includeInIndex = 0; path = Flashzilla.app; sourceTree = BUILT_PRODUCTS_DIR; };
		23DAF7BD2911B62700E6FD86 /* FlashzillaApp.swift */ = {isa = PBXFileReference; lastKnownFileType = sourcecode.swift; path = FlashzillaApp.swift; sourceTree = "<group>"; };
		23DAF7BF2911B62700E6FD86 /* ContentView.swift */ = {isa = PBXFileReference; lastKnownFileType = sourcecode.swift; path = ContentView.swift; sourceTree = "<group>"; };
		23DAF7C12911B62800E6FD86 /* Assets.xcassets */ = {isa = PBXFileReference; lastKnownFileType = folder.assetcatalog; path = Assets.xcassets; sourceTree = "<group>"; };
		23DAF7C42911B62800E6FD86 /* Preview Assets.xcassets */ = {isa = PBXFileReference; lastKnownFileType = folder.assetcatalog; path = "Preview Assets.xcassets"; sourceTree = "<group>"; };
		23E216EB291AFFD400860E6B /* FileManager.swift */ = {isa = PBXFileReference; lastKnownFileType = sourcecode.swift; path = FileManager.swift; sourceTree = "<group>"; };
		23E216ED291B03AC00860E6B /* CardVıewModel.swift */ = {isa = PBXFileReference; lastKnownFileType = sourcecode.swift; path = "CardVıewModel.swift"; sourceTree = "<group>"; };
/* End PBXFileReference section */

/* Begin PBXFrameworksBuildPhase section */
		23DAF7B72911B62700E6FD86 /* Frameworks */ = {
			isa = PBXFrameworksBuildPhase;
			buildActionMask = 2147483647;
			files = (
			);
			runOnlyForDeploymentPostprocessing = 0;
		};
/* End PBXFrameworksBuildPhase section */

/* Begin PBXGroup section */
		231715E52916FE96009B4D21 /* model */ = {
			isa = PBXGroup;
			children = (
				231715E62916FE9E009B4D21 /* Card.swift */,
			);
			path = model;
			sourceTree = "<group>";
		};
		231715E829170018009B4D21 /* component */ = {
			isa = PBXGroup;
			children = (
				231715E929170023009B4D21 /* CardView.swift */,
			);
			path = component;
			sourceTree = "<group>";
		};
		2353851129199792005D2612 /* screen */ = {
			isa = PBXGroup;
			children = (
				23538512291997A3005D2612 /* EditCardsScreen.swift */,
			);
			path = screen;
			sourceTree = "<group>";
		};
		23DAF7B12911B62700E6FD86 = {
			isa = PBXGroup;
			children = (
				23DAF7BC2911B62700E6FD86 /* Flashzilla */,
				23DAF7BB2911B62700E6FD86 /* Products */,
			);
			sourceTree = "<group>";
		};
		23DAF7BB2911B62700E6FD86 /* Products */ = {
			isa = PBXGroup;
			children = (
				23DAF7BA2911B62700E6FD86 /* Flashzilla.app */,
			);
			name = Products;
			sourceTree = "<group>";
		};
		23DAF7BC2911B62700E6FD86 /* Flashzilla */ = {
			isa = PBXGroup;
			children = (
				23DAF7BD2911B62700E6FD86 /* FlashzillaApp.swift */,
				23DAF7BF2911B62700E6FD86 /* ContentView.swift */,
				23E216ED291B03AC00860E6B /* CardVıewModel.swift */,
				2353851129199792005D2612 /* screen */,
				231715E829170018009B4D21 /* component */,
				231715E52916FE96009B4D21 /* model */,
				23E216EA291AFFC700860E6B /* util */,
				23DAF7C12911B62800E6FD86 /* Assets.xcassets */,
				23DAF7C32911B62800E6FD86 /* Preview Content */,
			);
			path = Flashzilla;
			sourceTree = "<group>";
		};
		23DAF7C32911B62800E6FD86 /* Preview Content */ = {
			isa = PBXGroup;
			children = (
				23DAF7C42911B62800E6FD86 /* Preview Assets.xcassets */,
			);
			path = "Preview Content";
			sourceTree = "<group>";
		};
		23E216EA291AFFC700860E6B /* util */ = {
			isa = PBXGroup;
			children = (
				23E216EB291AFFD400860E6B /* FileManager.swift */,
			);
			path = util;
			sourceTree = "<group>";
		};
/* End PBXGroup section */

/* Begin PBXNativeTarget section */
		23DAF7B92911B62700E6FD86 /* Flashzilla */ = {
			isa = PBXNativeTarget;
			buildConfigurationList = 23DAF7C82911B62800E6FD86 /* Build configuration list for PBXNativeTarget "Flashzilla" */;
			buildPhases = (
				23DAF7B62911B62700E6FD86 /* Sources */,
				23DAF7B72911B62700E6FD86 /* Frameworks */,
				23DAF7B82911B62700E6FD86 /* Resources */,
			);
			buildRules = (
			);
			dependencies = (
			);
			name = Flashzilla;
			productName = Flashzilla;
			productReference = 23DAF7BA2911B62700E6FD86 /* Flashzilla.app */;
			productType = "com.apple.product-type.application";
		};
/* End PBXNativeTarget section */

/* Begin PBXProject section */
		23DAF7B22911B62700E6FD86 /* Project object */ = {
			isa = PBXProject;
			attributes = {
				BuildIndependentTargetsInParallel = 1;
				LastSwiftUpdateCheck = 1400;
				LastUpgradeCheck = 1400;
				TargetAttributes = {
					23DAF7B92911B62700E6FD86 = {
						CreatedOnToolsVersion = 14.0.1;
					};
				};
			};
			buildConfigurationList = 23DAF7B52911B62700E6FD86 /* Build configuration list for PBXProject "Flashzilla" */;
			compatibilityVersion = "Xcode 14.0";
			developmentRegion = en;
			hasScannedForEncodings = 0;
			knownRegions = (
				en,
				Base,
			);
			mainGroup = 23DAF7B12911B62700E6FD86;
			productRefGroup = 23DAF7BB2911B62700E6FD86 /* Products */;
			projectDirPath = "";
			projectRoot = "";
			targets = (
				23DAF7B92911B62700E6FD86 /* Flashzilla */,
			);
		};
/* End PBXProject section */

/* Begin PBXResourcesBuildPhase section */
		23DAF7B82911B62700E6FD86 /* Resources */ = {
			isa = PBXResourcesBuildPhase;
			buildActionMask = 2147483647;
			files = (
				23DAF7C52911B62800E6FD86 /* Preview Assets.xcassets in Resources */,
				23DAF7C22911B62800E6FD86 /* Assets.xcassets in Resources */,
			);
			runOnlyForDeploymentPostprocessing = 0;
		};
/* End PBXResourcesBuildPhase section */

/* Begin PBXSourcesBuildPhase section */
		23DAF7B62911B62700E6FD86 /* Sources */ = {
			isa = PBXSourcesBuildPhase;
			buildActionMask = 2147483647;
			files = (
				23DAF7C02911B62700E6FD86 /* ContentView.swift in Sources */,
				23E216EE291B03AC00860E6B /* CardVıewModel.swift in Sources */,
				231715E72916FE9E009B4D21 /* Card.swift in Sources */,
				231715EA29170023009B4D21 /* CardView.swift in Sources */,
				23E216EC291AFFD400860E6B /* FileManager.swift in Sources */,
				23DAF7BE2911B62700E6FD86 /* FlashzillaApp.swift in Sources */,
				23538513291997A3005D2612 /* EditCardsScreen.swift in Sources */,
			);
			runOnlyForDeploymentPostprocessing = 0;
		};
/* End PBXSourcesBuildPhase section */

/* Begin XCBuildConfiguration section */
		23DAF7C62911B62800E6FD86 /* Debug */ = {
			isa = XCBuildConfiguration;
			buildSettings = {
				ALWAYS_SEARCH_USER_PATHS = NO;
				CLANG_ANALYZER_NONNULL = YES;
				CLANG_ANALYZER_NUMBER_OBJECT_CONVERSION = YES_AGGRESSIVE;
				CLANG_CXX_LANGUAGE_STANDARD = "gnu++20";
				CLANG_ENABLE_MODULES = YES;
				CLANG_ENABLE_OBJC_ARC = YES;
				CLANG_ENABLE_OBJC_WEAK = YES;
				CLANG_WARN_BLOCK_CAPTURE_AUTORELEASING = YES;
				CLANG_WARN_BOOL_CONVERSION = YES;
				CLANG_WARN_COMMA = YES;
				CLANG_WARN_CONSTANT_CONVERSION = YES;
				CLANG_WARN_DEPRECATED_OBJC_IMPLEMENTATIONS = YES;
				CLANG_WARN_DIRECT_OBJC_ISA_USAGE = YES_ERROR;
				CLANG_WARN_DOCUMENTATION_COMMENTS = YES;
				CLANG_WARN_EMPTY_BODY = YES;
				CLANG_WARN_ENUM_CONVERSION = YES;
				CLANG_WARN_INFINITE_RECURSION = YES;
				CLANG_WARN_INT_CONVERSION = YES;
				CLANG_WARN_NON_LITERAL_NULL_CONVERSION = YES;
				CLANG_WARN_OBJC_IMPLICIT_RETAIN_SELF = YES;
				CLANG_WARN_OBJC_LITERAL_CONVERSION = YES;
				CLANG_WARN_OBJC_ROOT_CLASS = YES_ERROR;
				CLANG_WARN_QUOTED_INCLUDE_IN_FRAMEWORK_HEADER = YES;
				CLANG_WARN_RANGE_LOOP_ANALYSIS = YES;
				CLANG_WARN_STRICT_PROTOTYPES = YES;
				CLANG_WARN_SUSPICIOUS_MOVE = YES;
				CLANG_WARN_UNGUARDED_AVAILABILITY = YES_AGGRESSIVE;
				CLANG_WARN_UNREACHABLE_CODE = YES;
				CLANG_WARN__DUPLICATE_METHOD_MATCH = YES;
				COPY_PHASE_STRIP = NO;
				DEBUG_INFORMATION_FORMAT = dwarf;
				ENABLE_STRICT_OBJC_MSGSEND = YES;
				ENABLE_TESTABILITY = YES;
				GCC_C_LANGUAGE_STANDARD = gnu11;
				GCC_DYNAMIC_NO_PIC = NO;
				GCC_NO_COMMON_BLOCKS = YES;
				GCC_OPTIMIZATION_LEVEL = 0;
				GCC_PREPROCESSOR_DEFINITIONS = (
					"DEBUG=1",
					"$(inherited)",
				);
				GCC_WARN_64_TO_32_BIT_CONVERSION = YES;
				GCC_WARN_ABOUT_RETURN_TYPE = YES_ERROR;
				GCC_WARN_UNDECLARED_SELECTOR = YES;
				GCC_WARN_UNINITIALIZED_AUTOS = YES_AGGRESSIVE;
				GCC_WARN_UNUSED_FUNCTION = YES;
				GCC_WARN_UNUSED_VARIABLE = YES;
				IPHONEOS_DEPLOYMENT_TARGET = 16.0;
				MTL_ENABLE_DEBUG_INFO = INCLUDE_SOURCE;
				MTL_FAST_MATH = YES;
				ONLY_ACTIVE_ARCH = YES;
				SDKROOT = iphoneos;
				SWIFT_ACTIVE_COMPILATION_CONDITIONS = DEBUG;
				SWIFT_OPTIMIZATION_LEVEL = "-Onone";
			};
			name = Debug;
		};
		23DAF7C72911B62800E6FD86 /* Release */ = {
			isa = XCBuildConfiguration;
			buildSettings = {
				ALWAYS_SEARCH_USER_PATHS = NO;
				CLANG_ANALYZER_NONNULL = YES;
				CLANG_ANALYZER_NUMBER_OBJECT_CONVERSION = YES_AGGRESSIVE;
				CLANG_CXX_LANGUAGE_STANDARD = "gnu++20";
				CLANG_ENABLE_MODULES = YES;
				CLANG_ENABLE_OBJC_ARC = YES;
				CLANG_ENABLE_OBJC_WEAK = YES;
				CLANG_WARN_BLOCK_CAPTURE_AUTORELEASING = YES;
				CLANG_WARN_BOOL_CONVERSION = YES;
				CLANG_WARN_COMMA = YES;
				CLANG_WARN_CONSTANT_CONVERSION = YES;
				CLANG_WARN_DEPRECATED_OBJC_IMPLEMENTATIONS = YES;
				CLANG_WARN_DIRECT_OBJC_ISA_USAGE = YES_ERROR;
				CLANG_WARN_DOCUMENTATION_COMMENTS = YES;
				CLANG_WARN_EMPTY_BODY = YES;
				CLANG_WARN_ENUM_CONVERSION = YES;
				CLANG_WARN_INFINITE_RECURSION = YES;
				CLANG_WARN_INT_CONVERSION = YES;
				CLANG_WARN_NON_LITERAL_NULL_CONVERSION = YES;
				CLANG_WARN_OBJC_IMPLICIT_RETAIN_SELF = YES;
				CLANG_WARN_OBJC_LITERAL_CONVERSION = YES;
				CLANG_WARN_OBJC_ROOT_CLASS = YES_ERROR;
				CLANG_WARN_QUOTED_INCLUDE_IN_FRAMEWORK_HEADER = YES;
				CLANG_WARN_RANGE_LOOP_ANALYSIS = YES;
				CLANG_WARN_STRICT_PROTOTYPES = YES;
				CLANG_WARN_SUSPICIOUS_MOVE = YES;
				CLANG_WARN_UNGUARDED_AVAILABILITY = YES_AGGRESSIVE;
				CLANG_WARN_UNREACHABLE_CODE = YES;
				CLANG_WARN__DUPLICATE_METHOD_MATCH = YES;
				COPY_PHASE_STRIP = NO;
				DEBUG_INFORMATION_FORMAT = "dwarf-with-dsym";
				ENABLE_NS_ASSERTIONS = NO;
				ENABLE_STRICT_OBJC_MSGSEND = YES;
				GCC_C_LANGUAGE_STANDARD = gnu11;
				GCC_NO_COMMON_BLOCKS = YES;
				GCC_WARN_64_TO_32_BIT_CONVERSION = YES;
				GCC_WARN_ABOUT_RETURN_TYPE = YES_ERROR;
				GCC_WARN_UNDECLARED_SELECTOR = YES;
				GCC_WARN_UNINITIALIZED_AUTOS = YES_AGGRESSIVE;
				GCC_WARN_UNUSED_FUNCTION = YES;
				GCC_WARN_UNUSED_VARIABLE = YES;
				IPHONEOS_DEPLOYMENT_TARGET = 16.0;
				MTL_ENABLE_DEBUG_INFO = NO;
				MTL_FAST_MATH = YES;
				SDKROOT = iphoneos;
				SWIFT_COMPILATION_MODE = wholemodule;
				SWIFT_OPTIMIZATION_LEVEL = "-O";
				VALIDATE_PRODUCT = YES;
			};
			name = Release;
		};
		23DAF7C92911B62800E6FD86 /* Debug */ = {
			isa = XCBuildConfiguration;
			buildSettings = {
				ASSETCATALOG_COMPILER_APPICON_NAME = AppIcon;
				ASSETCATALOG_COMPILER_GLOBAL_ACCENT_COLOR_NAME = AccentColor;
				CODE_SIGN_STYLE = Automatic;
				CURRENT_PROJECT_VERSION = 1;
				DEVELOPMENT_ASSET_PATHS = "\"Flashzilla/Preview Content\"";
				DEVELOPMENT_TEAM = 9QC8T6FTAL;
				ENABLE_PREVIEWS = YES;
				GENERATE_INFOPLIST_FILE = YES;
				INFOPLIST_KEY_NSDocumentsFolderUsageDescription = "We would like to save your questions.";
				INFOPLIST_KEY_UIApplicationSceneManifest_Generation = YES;
				INFOPLIST_KEY_UIApplicationSupportsIndirectInputEvents = YES;
				INFOPLIST_KEY_UILaunchScreen_Generation = YES;
				INFOPLIST_KEY_UISupportedInterfaceOrientations_iPad = "UIInterfaceOrientationPortrait UIInterfaceOrientationPortraitUpsideDown UIInterfaceOrientationLandscapeLeft UIInterfaceOrientationLandscapeRight";
				INFOPLIST_KEY_UISupportedInterfaceOrientations_iPhone = "UIInterfaceOrientationLandscapeLeft UIInterfaceOrientationLandscapeRight";
				IPHONEOS_DEPLOYMENT_TARGET = 15.0;
				LD_RUNPATH_SEARCH_PATHS = (
					"$(inherited)",
					"@executable_path/Frameworks",
				);
				MARKETING_VERSION = 1.0;
				PRODUCT_BUNDLE_IDENTIFIER = com.canonal.Flashzilla;
				PRODUCT_NAME = "$(TARGET_NAME)";
				SWIFT_EMIT_LOC_STRINGS = YES;
				SWIFT_VERSION = 5.0;
				TARGETED_DEVICE_FAMILY = "1,2";
			};
			name = Debug;
		};
		23DAF7CA2911B62800E6FD86 /* Release */ = {
			isa = XCBuildConfiguration;
			buildSettings = {
				ASSETCATALOG_COMPILER_APPICON_NAME = AppIcon;
				ASSETCATALOG_COMPILER_GLOBAL_ACCENT_COLOR_NAME = AccentColor;
				CODE_SIGN_STYLE = Automatic;
				CURRENT_PROJECT_VERSION = 1;
				DEVELOPMENT_ASSET_PATHS = "\"Flashzilla/Preview Content\"";
				DEVELOPMENT_TEAM = 9QC8T6FTAL;
				ENABLE_PREVIEWS = YES;
				GENERATE_INFOPLIST_FILE = YES;
				INFOPLIST_KEY_NSDocumentsFolderUsageDescription = "We would like to save your questions.";
				INFOPLIST_KEY_UIApplicationSceneManifest_Generation = YES;
				INFOPLIST_KEY_UIApplicationSupportsIndirectInputEvents = YES;
				INFOPLIST_KEY_UILaunchScreen_Generation = YES;
				INFOPLIST_KEY_UISupportedInterfaceOrientations_iPad = "UIInterfaceOrientationPortrait UIInterfaceOrientationPortraitUpsideDown UIInterfaceOrientationLandscapeLeft UIInterfaceOrientationLandscapeRight";
				INFOPLIST_KEY_UISupportedInterfaceOrientations_iPhone = "UIInterfaceOrientationLandscapeLeft UIInterfaceOrientationLandscapeRight";
				IPHONEOS_DEPLOYMENT_TARGET = 15.0;
				LD_RUNPATH_SEARCH_PATHS = (
					"$(inherited)",
					"@executable_path/Frameworks",
				);
				MARKETING_VERSION = 1.0;
				PRODUCT_BUNDLE_IDENTIFIER = com.canonal.Flashzilla;
				PRODUCT_NAME = "$(TARGET_NAME)";
				SWIFT_EMIT_LOC_STRINGS = YES;
				SWIFT_VERSION = 5.0;
				TARGETED_DEVICE_FAMILY = "1,2";
			};
			name = Release;
		};
/* End XCBuildConfiguration section */

/* Begin XCConfigurationList section */
		23DAF7B52911B62700E6FD86 /* Build configuration list for PBXProject "Flashzilla" */ = {
			isa = XCConfigurationList;
			buildConfigurations = (
				23DAF7C62911B62800E6FD86 /* Debug */,
				23DAF7C72911B62800E6FD86 /* Release */,
			);
			defaultConfigurationIsVisible = 0;
			defaultConfigurationName = Release;
		};
		23DAF7C82911B62800E6FD86 /* Build configuration list for PBXNativeTarget "Flashzilla" */ = {
			isa = XCConfigurationList;
			buildConfigurations = (
				23DAF7C92911B62800E6FD86 /* Debug */,
				23DAF7CA2911B62800E6FD86 /* Release */,
			);
			defaultConfigurationIsVisible = 0;
			defaultConfigurationName = Release;
		};
/* End XCConfigurationList section */
	};
	rootObject = 23DAF7B22911B62700E6FD86 /* Project object */;
}
