// !$*UTF8*$!
{
	archiveVersion = 1;
	classes = {
	};
	objectVersion = 55;
	objects = {

/* Begin PBXBuildFile section */
		232110EC28B40FE600B9AB2F /* CustomDivider.swift in Sources */ = {isa = PBXBuildFile; fileRef = 232110EB28B40FE600B9AB2F /* CustomDivider.swift */; };
		232110EE28B4120D00B9AB2F /* AstronautDetailView.swift in Sources */ = {isa = PBXBuildFile; fileRef = 232110ED28B4120D00B9AB2F /* AstronautDetailView.swift */; };
		233FBAAF28B275680017100D /* Mission.swift in Sources */ = {isa = PBXBuildFile; fileRef = 233FBAAE28B275680017100D /* Mission.swift */; };
		233FBAB228B282080017100D /* Color-Theme.swift in Sources */ = {isa = PBXBuildFile; fileRef = 233FBAB128B282080017100D /* Color-Theme.swift */; };
		2369906F28B4033100332D78 /* MissionView.swift in Sources */ = {isa = PBXBuildFile; fileRef = 2369906E28B4033100332D78 /* MissionView.swift */; };
		23BA8BD428B26E4200D78D90 /* MoonshotApp.swift in Sources */ = {isa = PBXBuildFile; fileRef = 23BA8BD328B26E4200D78D90 /* MoonshotApp.swift */; };
		23BA8BD628B26E4200D78D90 /* ContentView.swift in Sources */ = {isa = PBXBuildFile; fileRef = 23BA8BD528B26E4200D78D90 /* ContentView.swift */; };
		23BA8BD828B26E4300D78D90 /* Assets.xcassets in Resources */ = {isa = PBXBuildFile; fileRef = 23BA8BD728B26E4300D78D90 /* Assets.xcassets */; };
		23BA8BDB28B26E4300D78D90 /* Preview Assets.xcassets in Resources */ = {isa = PBXBuildFile; fileRef = 23BA8BDA28B26E4300D78D90 /* Preview Assets.xcassets */; };
		23BA8BE328B26EFA00D78D90 /* missions.json in Resources */ = {isa = PBXBuildFile; fileRef = 23BA8BE128B26EFA00D78D90 /* missions.json */; };
		23BA8BE428B26EFA00D78D90 /* astronauts.json in Resources */ = {isa = PBXBuildFile; fileRef = 23BA8BE228B26EFA00D78D90 /* astronauts.json */; };
		23BA8BE628B26F8200D78D90 /* Astronaut.swift in Sources */ = {isa = PBXBuildFile; fileRef = 23BA8BE528B26F8200D78D90 /* Astronaut.swift */; };
		23BA8BE828B2701000D78D90 /* Bundle-Decodable.swift in Sources */ = {isa = PBXBuildFile; fileRef = 23BA8BE728B2701000D78D90 /* Bundle-Decodable.swift */; };
		23BEA22628B55B9C00B75264 /* MissionDetailTitle.swift in Sources */ = {isa = PBXBuildFile; fileRef = 23BEA22528B55B9B00B75264 /* MissionDetailTitle.swift */; };
		23BEA22828B55C3200B75264 /* HorizontalInfoView.swift in Sources */ = {isa = PBXBuildFile; fileRef = 23BEA22728B55C3200B75264 /* HorizontalInfoView.swift */; };
		23BEA22A28B55EFF00B75264 /* AstronautsRecapView.swift in Sources */ = {isa = PBXBuildFile; fileRef = 23BEA22928B55EFF00B75264 /* AstronautsRecapView.swift */; };
		23BEA22C28B5628700B75264 /* MissionItem.swift in Sources */ = {isa = PBXBuildFile; fileRef = 23BEA22B28B5628700B75264 /* MissionItem.swift */; };
		23BEA22E28B564FF00B75264 /* GridLayout.swift in Sources */ = {isa = PBXBuildFile; fileRef = 23BEA22D28B564FF00B75264 /* GridLayout.swift */; };
		23BEA23028B565A500B75264 /* ListLayout.swift in Sources */ = {isa = PBXBuildFile; fileRef = 23BEA22F28B565A500B75264 /* ListLayout.swift */; };
/* End PBXBuildFile section */

/* Begin PBXFileReference section */
		232110EB28B40FE600B9AB2F /* CustomDivider.swift */ = {isa = PBXFileReference; lastKnownFileType = sourcecode.swift; path = CustomDivider.swift; sourceTree = "<group>"; };
		232110ED28B4120D00B9AB2F /* AstronautDetailView.swift */ = {isa = PBXFileReference; lastKnownFileType = sourcecode.swift; path = AstronautDetailView.swift; sourceTree = "<group>"; };
		233FBAAE28B275680017100D /* Mission.swift */ = {isa = PBXFileReference; lastKnownFileType = sourcecode.swift; path = Mission.swift; sourceTree = "<group>"; };
		233FBAB128B282080017100D /* Color-Theme.swift */ = {isa = PBXFileReference; lastKnownFileType = sourcecode.swift; path = "Color-Theme.swift"; sourceTree = "<group>"; };
		2369906E28B4033100332D78 /* MissionView.swift */ = {isa = PBXFileReference; lastKnownFileType = sourcecode.swift; path = MissionView.swift; sourceTree = "<group>"; };
		23BA8BD028B26E4200D78D90 /* Moonshot.app */ = {isa = PBXFileReference; explicitFileType = wrapper.application; includeInIndex = 0; path = Moonshot.app; sourceTree = BUILT_PRODUCTS_DIR; };
		23BA8BD328B26E4200D78D90 /* MoonshotApp.swift */ = {isa = PBXFileReference; lastKnownFileType = sourcecode.swift; path = MoonshotApp.swift; sourceTree = "<group>"; };
		23BA8BD528B26E4200D78D90 /* ContentView.swift */ = {isa = PBXFileReference; lastKnownFileType = sourcecode.swift; path = ContentView.swift; sourceTree = "<group>"; };
		23BA8BD728B26E4300D78D90 /* Assets.xcassets */ = {isa = PBXFileReference; lastKnownFileType = folder.assetcatalog; path = Assets.xcassets; sourceTree = "<group>"; };
		23BA8BDA28B26E4300D78D90 /* Preview Assets.xcassets */ = {isa = PBXFileReference; lastKnownFileType = folder.assetcatalog; path = "Preview Assets.xcassets"; sourceTree = "<group>"; };
		23BA8BE128B26EFA00D78D90 /* missions.json */ = {isa = PBXFileReference; fileEncoding = 4; lastKnownFileType = text.json; path = missions.json; sourceTree = "<group>"; };
		23BA8BE228B26EFA00D78D90 /* astronauts.json */ = {isa = PBXFileReference; fileEncoding = 4; lastKnownFileType = text.json; path = astronauts.json; sourceTree = "<group>"; };
		23BA8BE528B26F8200D78D90 /* Astronaut.swift */ = {isa = PBXFileReference; lastKnownFileType = sourcecode.swift; path = Astronaut.swift; sourceTree = "<group>"; };
		23BA8BE728B2701000D78D90 /* Bundle-Decodable.swift */ = {isa = PBXFileReference; lastKnownFileType = sourcecode.swift; path = "Bundle-Decodable.swift"; sourceTree = "<group>"; };
		23BEA22528B55B9B00B75264 /* MissionDetailTitle.swift */ = {isa = PBXFileReference; lastKnownFileType = sourcecode.swift; path = MissionDetailTitle.swift; sourceTree = "<group>"; };
		23BEA22728B55C3200B75264 /* HorizontalInfoView.swift */ = {isa = PBXFileReference; lastKnownFileType = sourcecode.swift; path = HorizontalInfoView.swift; sourceTree = "<group>"; };
		23BEA22928B55EFF00B75264 /* AstronautsRecapView.swift */ = {isa = PBXFileReference; lastKnownFileType = sourcecode.swift; path = AstronautsRecapView.swift; sourceTree = "<group>"; };
		23BEA22B28B5628700B75264 /* MissionItem.swift */ = {isa = PBXFileReference; lastKnownFileType = sourcecode.swift; path = MissionItem.swift; sourceTree = "<group>"; };
		23BEA22D28B564FF00B75264 /* GridLayout.swift */ = {isa = PBXFileReference; lastKnownFileType = sourcecode.swift; path = GridLayout.swift; sourceTree = "<group>"; };
		23BEA22F28B565A500B75264 /* ListLayout.swift */ = {isa = PBXFileReference; lastKnownFileType = sourcecode.swift; path = ListLayout.swift; sourceTree = "<group>"; };
/* End PBXFileReference section */

/* Begin PBXFrameworksBuildPhase section */
		23BA8BCD28B26E4200D78D90 /* Frameworks */ = {
			isa = PBXFrameworksBuildPhase;
			buildActionMask = 2147483647;
			files = (
			);
			runOnlyForDeploymentPostprocessing = 0;
		};
/* End PBXFrameworksBuildPhase section */

/* Begin PBXGroup section */
		232110EA28B40FDA00B9AB2F /* Components */ = {
			isa = PBXGroup;
			children = (
				232110EB28B40FE600B9AB2F /* CustomDivider.swift */,
				23BEA22528B55B9B00B75264 /* MissionDetailTitle.swift */,
				23BEA22728B55C3200B75264 /* HorizontalInfoView.swift */,
				23BEA22D28B564FF00B75264 /* GridLayout.swift */,
				23BEA22F28B565A500B75264 /* ListLayout.swift */,
			);
			path = Components;
			sourceTree = "<group>";
		};
		233FBAB028B2757C0017100D /* Model */ = {
			isa = PBXGroup;
			children = (
				233FBAAE28B275680017100D /* Mission.swift */,
				23BA8BE528B26F8200D78D90 /* Astronaut.swift */,
			);
			path = Model;
			sourceTree = "<group>";
		};
		23BA8BC728B26E4200D78D90 = {
			isa = PBXGroup;
			children = (
				23BA8BD228B26E4200D78D90 /* Moonshot */,
				23BA8BD128B26E4200D78D90 /* Products */,
			);
			sourceTree = "<group>";
		};
		23BA8BD128B26E4200D78D90 /* Products */ = {
			isa = PBXGroup;
			children = (
				23BA8BD028B26E4200D78D90 /* Moonshot.app */,
			);
			name = Products;
			sourceTree = "<group>";
		};
		23BA8BD228B26E4200D78D90 /* Moonshot */ = {
			isa = PBXGroup;
			children = (
				232110EA28B40FDA00B9AB2F /* Components */,
				233FBAB028B2757C0017100D /* Model */,
				23BA8BD328B26E4200D78D90 /* MoonshotApp.swift */,
				23BA8BD528B26E4200D78D90 /* ContentView.swift */,
				2369906E28B4033100332D78 /* MissionView.swift */,
				23BEA22B28B5628700B75264 /* MissionItem.swift */,
				232110ED28B4120D00B9AB2F /* AstronautDetailView.swift */,
				23BEA22928B55EFF00B75264 /* AstronautsRecapView.swift */,
				233FBAB128B282080017100D /* Color-Theme.swift */,
				23BA8BE728B2701000D78D90 /* Bundle-Decodable.swift */,
				23BA8BE228B26EFA00D78D90 /* astronauts.json */,
				23BA8BE128B26EFA00D78D90 /* missions.json */,
				23BA8BD728B26E4300D78D90 /* Assets.xcassets */,
				23BA8BD928B26E4300D78D90 /* Preview Content */,
			);
			path = Moonshot;
			sourceTree = "<group>";
		};
		23BA8BD928B26E4300D78D90 /* Preview Content */ = {
			isa = PBXGroup;
			children = (
				23BA8BDA28B26E4300D78D90 /* Preview Assets.xcassets */,
			);
			path = "Preview Content";
			sourceTree = "<group>";
		};
/* End PBXGroup section */

/* Begin PBXNativeTarget section */
		23BA8BCF28B26E4200D78D90 /* Moonshot */ = {
			isa = PBXNativeTarget;
			buildConfigurationList = 23BA8BDE28B26E4300D78D90 /* Build configuration list for PBXNativeTarget "Moonshot" */;
			buildPhases = (
				23BA8BCC28B26E4200D78D90 /* Sources */,
				23BA8BCD28B26E4200D78D90 /* Frameworks */,
				23BA8BCE28B26E4200D78D90 /* Resources */,
			);
			buildRules = (
			);
			dependencies = (
			);
			name = Moonshot;
			productName = Moonshot;
			productReference = 23BA8BD028B26E4200D78D90 /* Moonshot.app */;
			productType = "com.apple.product-type.application";
		};
/* End PBXNativeTarget section */

/* Begin PBXProject section */
		23BA8BC828B26E4200D78D90 /* Project object */ = {
			isa = PBXProject;
			attributes = {
				BuildIndependentTargetsInParallel = 1;
				LastSwiftUpdateCheck = 1340;
				LastUpgradeCheck = 1340;
				TargetAttributes = {
					23BA8BCF28B26E4200D78D90 = {
						CreatedOnToolsVersion = 13.4.1;
					};
				};
			};
			buildConfigurationList = 23BA8BCB28B26E4200D78D90 /* Build configuration list for PBXProject "Moonshot" */;
			compatibilityVersion = "Xcode 13.0";
			developmentRegion = en;
			hasScannedForEncodings = 0;
			knownRegions = (
				en,
				Base,
			);
			mainGroup = 23BA8BC728B26E4200D78D90;
			productRefGroup = 23BA8BD128B26E4200D78D90 /* Products */;
			projectDirPath = "";
			projectRoot = "";
			targets = (
				23BA8BCF28B26E4200D78D90 /* Moonshot */,
			);
		};
/* End PBXProject section */

/* Begin PBXResourcesBuildPhase section */
		23BA8BCE28B26E4200D78D90 /* Resources */ = {
			isa = PBXResourcesBuildPhase;
			buildActionMask = 2147483647;
			files = (
				23BA8BDB28B26E4300D78D90 /* Preview Assets.xcassets in Resources */,
				23BA8BE328B26EFA00D78D90 /* missions.json in Resources */,
				23BA8BD828B26E4300D78D90 /* Assets.xcassets in Resources */,
				23BA8BE428B26EFA00D78D90 /* astronauts.json in Resources */,
			);
			runOnlyForDeploymentPostprocessing = 0;
		};
/* End PBXResourcesBuildPhase section */

/* Begin PBXSourcesBuildPhase section */
		23BA8BCC28B26E4200D78D90 /* Sources */ = {
			isa = PBXSourcesBuildPhase;
			buildActionMask = 2147483647;
			files = (
				2369906F28B4033100332D78 /* MissionView.swift in Sources */,
				232110EE28B4120D00B9AB2F /* AstronautDetailView.swift in Sources */,
				23BEA22628B55B9C00B75264 /* MissionDetailTitle.swift in Sources */,
				23BEA23028B565A500B75264 /* ListLayout.swift in Sources */,
				23BA8BE628B26F8200D78D90 /* Astronaut.swift in Sources */,
				23BEA22C28B5628700B75264 /* MissionItem.swift in Sources */,
				23BEA22E28B564FF00B75264 /* GridLayout.swift in Sources */,
				23BEA22828B55C3200B75264 /* HorizontalInfoView.swift in Sources */,
				233FBAB228B282080017100D /* Color-Theme.swift in Sources */,
				23BEA22A28B55EFF00B75264 /* AstronautsRecapView.swift in Sources */,
				23BA8BD628B26E4200D78D90 /* ContentView.swift in Sources */,
				23BA8BD428B26E4200D78D90 /* MoonshotApp.swift in Sources */,
				233FBAAF28B275680017100D /* Mission.swift in Sources */,
				23BA8BE828B2701000D78D90 /* Bundle-Decodable.swift in Sources */,
				232110EC28B40FE600B9AB2F /* CustomDivider.swift in Sources */,
			);
			runOnlyForDeploymentPostprocessing = 0;
		};
/* End PBXSourcesBuildPhase section */

/* Begin XCBuildConfiguration section */
		23BA8BDC28B26E4300D78D90 /* Debug */ = {
			isa = XCBuildConfiguration;
			buildSettings = {
				ALWAYS_SEARCH_USER_PATHS = NO;
				CLANG_ANALYZER_NONNULL = YES;
				CLANG_ANALYZER_NUMBER_OBJECT_CONVERSION = YES_AGGRESSIVE;
				CLANG_CXX_LANGUAGE_STANDARD = "gnu++17";
				CLANG_ENABLE_MODULES = YES;
				CLANG_ENABLE_OBJC_ARC = YES;
				CLANG_ENABLE_OBJC_WEAK = YES;
				CLANG_WARN_BLOCK_CAPTURE_AUTORELEASING = YES;
				CLANG_WARN_BOOL_CONVERSION = YES;
				CLANG_WARN_COMMA = YES;
				CLANG_WARN_CONSTANT_CONVERSION = YES;
				CLANG_WARN_DEPRECATED_OBJC_IMPLEMENTATIONS = YES;
				CLANG_WARN_DIRECT_OBJC_ISA_USAGE = YES_ERROR;
				CLANG_WARN_DOCUMENTATION_COMMENTS = YES;
				CLANG_WARN_EMPTY_BODY = YES;
				CLANG_WARN_ENUM_CONVERSION = YES;
				CLANG_WARN_INFINITE_RECURSION = YES;
				CLANG_WARN_INT_CONVERSION = YES;
				CLANG_WARN_NON_LITERAL_NULL_CONVERSION = YES;
				CLANG_WARN_OBJC_IMPLICIT_RETAIN_SELF = YES;
				CLANG_WARN_OBJC_LITERAL_CONVERSION = YES;
				CLANG_WARN_OBJC_ROOT_CLASS = YES_ERROR;
				CLANG_WARN_QUOTED_INCLUDE_IN_FRAMEWORK_HEADER = YES;
				CLANG_WARN_RANGE_LOOP_ANALYSIS = YES;
				CLANG_WARN_STRICT_PROTOTYPES = YES;
				CLANG_WARN_SUSPICIOUS_MOVE = YES;
				CLANG_WARN_UNGUARDED_AVAILABILITY = YES_AGGRESSIVE;
				CLANG_WARN_UNREACHABLE_CODE = YES;
				CLANG_WARN__DUPLICATE_METHOD_MATCH = YES;
				COPY_PHASE_STRIP = NO;
				DEBUG_INFORMATION_FORMAT = dwarf;
				ENABLE_STRICT_OBJC_MSGSEND = YES;
				ENABLE_TESTABILITY = YES;
				GCC_C_LANGUAGE_STANDARD = gnu11;
				GCC_DYNAMIC_NO_PIC = NO;
				GCC_NO_COMMON_BLOCKS = YES;
				GCC_OPTIMIZATION_LEVEL = 0;
				GCC_PREPROCESSOR_DEFINITIONS = (
					"DEBUG=1",
					"$(inherited)",
				);
				GCC_WARN_64_TO_32_BIT_CONVERSION = YES;
				GCC_WARN_ABOUT_RETURN_TYPE = YES_ERROR;
				GCC_WARN_UNDECLARED_SELECTOR = YES;
				GCC_WARN_UNINITIALIZED_AUTOS = YES_AGGRESSIVE;
				GCC_WARN_UNUSED_FUNCTION = YES;
				GCC_WARN_UNUSED_VARIABLE = YES;
				IPHONEOS_DEPLOYMENT_TARGET = 15.5;
				MTL_ENABLE_DEBUG_INFO = INCLUDE_SOURCE;
				MTL_FAST_MATH = YES;
				ONLY_ACTIVE_ARCH = YES;
				SDKROOT = iphoneos;
				SWIFT_ACTIVE_COMPILATION_CONDITIONS = DEBUG;
				SWIFT_OPTIMIZATION_LEVEL = "-Onone";
			};
			name = Debug;
		};
		23BA8BDD28B26E4300D78D90 /* Release */ = {
			isa = XCBuildConfiguration;
			buildSettings = {
				ALWAYS_SEARCH_USER_PATHS = NO;
				CLANG_ANALYZER_NONNULL = YES;
				CLANG_ANALYZER_NUMBER_OBJECT_CONVERSION = YES_AGGRESSIVE;
				CLANG_CXX_LANGUAGE_STANDARD = "gnu++17";
				CLANG_ENABLE_MODULES = YES;
				CLANG_ENABLE_OBJC_ARC = YES;
				CLANG_ENABLE_OBJC_WEAK = YES;
				CLANG_WARN_BLOCK_CAPTURE_AUTORELEASING = YES;
				CLANG_WARN_BOOL_CONVERSION = YES;
				CLANG_WARN_COMMA = YES;
				CLANG_WARN_CONSTANT_CONVERSION = YES;
				CLANG_WARN_DEPRECATED_OBJC_IMPLEMENTATIONS = YES;
				CLANG_WARN_DIRECT_OBJC_ISA_USAGE = YES_ERROR;
				CLANG_WARN_DOCUMENTATION_COMMENTS = YES;
				CLANG_WARN_EMPTY_BODY = YES;
				CLANG_WARN_ENUM_CONVERSION = YES;
				CLANG_WARN_INFINITE_RECURSION = YES;
				CLANG_WARN_INT_CONVERSION = YES;
				CLANG_WARN_NON_LITERAL_NULL_CONVERSION = YES;
				CLANG_WARN_OBJC_IMPLICIT_RETAIN_SELF = YES;
				CLANG_WARN_OBJC_LITERAL_CONVERSION = YES;
				CLANG_WARN_OBJC_ROOT_CLASS = YES_ERROR;
				CLANG_WARN_QUOTED_INCLUDE_IN_FRAMEWORK_HEADER = YES;
				CLANG_WARN_RANGE_LOOP_ANALYSIS = YES;
				CLANG_WARN_STRICT_PROTOTYPES = YES;
				CLANG_WARN_SUSPICIOUS_MOVE = YES;
				CLANG_WARN_UNGUARDED_AVAILABILITY = YES_AGGRESSIVE;
				CLANG_WARN_UNREACHABLE_CODE = YES;
				CLANG_WARN__DUPLICATE_METHOD_MATCH = YES;
				COPY_PHASE_STRIP = NO;
				DEBUG_INFORMATION_FORMAT = "dwarf-with-dsym";
				ENABLE_NS_ASSERTIONS = NO;
				ENABLE_STRICT_OBJC_MSGSEND = YES;
				GCC_C_LANGUAGE_STANDARD = gnu11;
				GCC_NO_COMMON_BLOCKS = YES;
				GCC_WARN_64_TO_32_BIT_CONVERSION = YES;
				GCC_WARN_ABOUT_RETURN_TYPE = YES_ERROR;
				GCC_WARN_UNDECLARED_SELECTOR = YES;
				GCC_WARN_UNINITIALIZED_AUTOS = YES_AGGRESSIVE;
				GCC_WARN_UNUSED_FUNCTION = YES;
				GCC_WARN_UNUSED_VARIABLE = YES;
				IPHONEOS_DEPLOYMENT_TARGET = 15.5;
				MTL_ENABLE_DEBUG_INFO = NO;
				MTL_FAST_MATH = YES;
				SDKROOT = iphoneos;
				SWIFT_COMPILATION_MODE = wholemodule;
				SWIFT_OPTIMIZATION_LEVEL = "-O";
				VALIDATE_PRODUCT = YES;
			};
			name = Release;
		};
		23BA8BDF28B26E4300D78D90 /* Debug */ = {
			isa = XCBuildConfiguration;
			buildSettings = {
				ASSETCATALOG_COMPILER_APPICON_NAME = AppIcon;
				ASSETCATALOG_COMPILER_GLOBAL_ACCENT_COLOR_NAME = AccentColor;
				CODE_SIGN_STYLE = Automatic;
				CURRENT_PROJECT_VERSION = 1;
				DEVELOPMENT_ASSET_PATHS = "\"Moonshot/Preview Content\"";
				DEVELOPMENT_TEAM = GTN555AF5L;
				ENABLE_PREVIEWS = YES;
				GENERATE_INFOPLIST_FILE = YES;
				INFOPLIST_KEY_UIApplicationSceneManifest_Generation = YES;
				INFOPLIST_KEY_UIApplicationSupportsIndirectInputEvents = YES;
				INFOPLIST_KEY_UILaunchScreen_Generation = YES;
				INFOPLIST_KEY_UISupportedInterfaceOrientations_iPad = "UIInterfaceOrientationPortrait UIInterfaceOrientationPortraitUpsideDown UIInterfaceOrientationLandscapeLeft UIInterfaceOrientationLandscapeRight";
				INFOPLIST_KEY_UISupportedInterfaceOrientations_iPhone = "UIInterfaceOrientationPortrait UIInterfaceOrientationLandscapeLeft UIInterfaceOrientationLandscapeRight";
				LD_RUNPATH_SEARCH_PATHS = (
					"$(inherited)",
					"@executable_path/Frameworks",
				);
				MARKETING_VERSION = 1.0;
				PRODUCT_BUNDLE_IDENTIFIER = com.canonal.Moonshot;
				PRODUCT_NAME = "$(TARGET_NAME)";
				SWIFT_EMIT_LOC_STRINGS = YES;
				SWIFT_VERSION = 5.0;
				TARGETED_DEVICE_FAMILY = "1,2";
			};
			name = Debug;
		};
		23BA8BE028B26E4300D78D90 /* Release */ = {
			isa = XCBuildConfiguration;
			buildSettings = {
				ASSETCATALOG_COMPILER_APPICON_NAME = AppIcon;
				ASSETCATALOG_COMPILER_GLOBAL_ACCENT_COLOR_NAME = AccentColor;
				CODE_SIGN_STYLE = Automatic;
				CURRENT_PROJECT_VERSION = 1;
				DEVELOPMENT_ASSET_PATHS = "\"Moonshot/Preview Content\"";
				DEVELOPMENT_TEAM = GTN555AF5L;
				ENABLE_PREVIEWS = YES;
				GENERATE_INFOPLIST_FILE = YES;
				INFOPLIST_KEY_UIApplicationSceneManifest_Generation = YES;
				INFOPLIST_KEY_UIApplicationSupportsIndirectInputEvents = YES;
				INFOPLIST_KEY_UILaunchScreen_Generation = YES;
				INFOPLIST_KEY_UISupportedInterfaceOrientations_iPad = "UIInterfaceOrientationPortrait UIInterfaceOrientationPortraitUpsideDown UIInterfaceOrientationLandscapeLeft UIInterfaceOrientationLandscapeRight";
				INFOPLIST_KEY_UISupportedInterfaceOrientations_iPhone = "UIInterfaceOrientationPortrait UIInterfaceOrientationLandscapeLeft UIInterfaceOrientationLandscapeRight";
				LD_RUNPATH_SEARCH_PATHS = (
					"$(inherited)",
					"@executable_path/Frameworks",
				);
				MARKETING_VERSION = 1.0;
				PRODUCT_BUNDLE_IDENTIFIER = com.canonal.Moonshot;
				PRODUCT_NAME = "$(TARGET_NAME)";
				SWIFT_EMIT_LOC_STRINGS = YES;
				SWIFT_VERSION = 5.0;
				TARGETED_DEVICE_FAMILY = "1,2";
			};
			name = Release;
		};
/* End XCBuildConfiguration section */

/* Begin XCConfigurationList section */
		23BA8BCB28B26E4200D78D90 /* Build configuration list for PBXProject "Moonshot" */ = {
			isa = XCConfigurationList;
			buildConfigurations = (
				23BA8BDC28B26E4300D78D90 /* Debug */,
				23BA8BDD28B26E4300D78D90 /* Release */,
			);
			defaultConfigurationIsVisible = 0;
			defaultConfigurationName = Release;
		};
		23BA8BDE28B26E4300D78D90 /* Build configuration list for PBXNativeTarget "Moonshot" */ = {
			isa = XCConfigurationList;
			buildConfigurations = (
				23BA8BDF28B26E4300D78D90 /* Debug */,
				23BA8BE028B26E4300D78D90 /* Release */,
			);
			defaultConfigurationIsVisible = 0;
			defaultConfigurationName = Release;
		};
/* End XCConfigurationList section */
	};
	rootObject = 23BA8BC828B26E4200D78D90 /* Project object */;
}
