{
  "pins" : [
    {
      "identity" : "flowstacks",
      "kind" : "remoteSourceControl",
      "location" : "https://github.com/johnpatrickmorgan/FlowStacks",
      "state" : {
        "branch" : "main",
        "revision" : "8d1bc577fcab0c09d599f1f2f6747db2d15f84f4"
      }
    }
  ],
  "version" : 2
}
