// !$*UTF8*$!
{
	archiveVersion = 1;
	classes = {
	};
	objectVersion = 55;
	objects = {

/* Begin PBXBuildFile section */
		2356FF3C28A7DD1200FD84C0 /* AppCoordinator.swift in Sources */ = {isa = PBXBuildFile; fileRef = 2356FF3B28A7DD1200FD84C0 /* AppCoordinator.swift */; };
		2356FF3E28A7DE7B00FD84C0 /* HomeScreen.swift in Sources */ = {isa = PBXBuildFile; fileRef = 2356FF3D28A7DE7B00FD84C0 /* HomeScreen.swift */; };
		2356FF4028A7DEA300FD84C0 /* GameScreen.swift in Sources */ = {isa = PBXBuildFile; fileRef = 2356FF3F28A7DEA300FD84C0 /* GameScreen.swift */; };
		2356FF4228A80C3600FD84C0 /* Question.swift in Sources */ = {isa = PBXBuildFile; fileRef = 2356FF4128A80C3600FD84C0 /* Question.swift */; };
		23C4394728A7DB6F00A93D92 /* MultiplicationPracticeApp.swift in Sources */ = {isa = PBXBuildFile; fileRef = 23C4394628A7DB6F00A93D92 /* MultiplicationPracticeApp.swift */; };
		23C4394B28A7DB7000A93D92 /* Assets.xcassets in Resources */ = {isa = PBXBuildFile; fileRef = 23C4394A28A7DB7000A93D92 /* Assets.xcassets */; };
		23C4394E28A7DB7000A93D92 /* Preview Assets.xcassets in Resources */ = {isa = PBXBuildFile; fileRef = 23C4394D28A7DB7000A93D92 /* Preview Assets.xcassets */; };
		23C4395628A7DBC400A93D92 /* FlowStacks in Frameworks */ = {isa = PBXBuildFile; productRef = 23C4395528A7DBC400A93D92 /* FlowStacks */; };
/* End PBXBuildFile section */

/* Begin PBXFileReference section */
		2356FF3B28A7DD1200FD84C0 /* AppCoordinator.swift */ = {isa = PBXFileReference; lastKnownFileType = sourcecode.swift; path = AppCoordinator.swift; sourceTree = "<group>"; };
		2356FF3D28A7DE7B00FD84C0 /* HomeScreen.swift */ = {isa = PBXFileReference; lastKnownFileType = sourcecode.swift; path = HomeScreen.swift; sourceTree = "<group>"; };
		2356FF3F28A7DEA300FD84C0 /* GameScreen.swift */ = {isa = PBXFileReference; lastKnownFileType = sourcecode.swift; path = GameScreen.swift; sourceTree = "<group>"; };
		2356FF4128A80C3600FD84C0 /* Question.swift */ = {isa = PBXFileReference; lastKnownFileType = sourcecode.swift; path = Question.swift; sourceTree = "<group>"; };
		23C4394328A7DB6F00A93D92 /* MultiplicationPractice.app */ = {isa = PBXFileReference; explicitFileType = wrapper.application; includeInIndex = 0; path = MultiplicationPractice.app; sourceTree = BUILT_PRODUCTS_DIR; };
		23C4394628A7DB6F00A93D92 /* MultiplicationPracticeApp.swift */ = {isa = PBXFileReference; lastKnownFileType = sourcecode.swift; path = MultiplicationPracticeApp.swift; sourceTree = "<group>"; };
		23C4394A28A7DB7000A93D92 /* Assets.xcassets */ = {isa = PBXFileReference; lastKnownFileType = folder.assetcatalog; path = Assets.xcassets; sourceTree = "<group>"; };
		23C4394D28A7DB7000A93D92 /* Preview Assets.xcassets */ = {isa = PBXFileReference; lastKnownFileType = folder.assetcatalog; path = "Preview Assets.xcassets"; sourceTree = "<group>"; };
/* End PBXFileReference section */

/* Begin PBXFrameworksBuildPhase section */
		23C4394028A7DB6F00A93D92 /* Frameworks */ = {
			isa = PBXFrameworksBuildPhase;
			buildActionMask = 2147483647;
			files = (
				23C4395628A7DBC400A93D92 /* FlowStacks in Frameworks */,
			);
			runOnlyForDeploymentPostprocessing = 0;
		};
/* End PBXFrameworksBuildPhase section */

/* Begin PBXGroup section */
		2356FF3A28A7DD0100FD84C0 /* Coordinators */ = {
			isa = PBXGroup;
			children = (
				2356FF3B28A7DD1200FD84C0 /* AppCoordinator.swift */,
			);
			path = Coordinators;
			sourceTree = "<group>";
		};
		23C4393A28A7DB6F00A93D92 = {
			isa = PBXGroup;
			children = (
				23C4394528A7DB6F00A93D92 /* MultiplicationPractice */,
				23C4394428A7DB6F00A93D92 /* Products */,
			);
			sourceTree = "<group>";
		};
		23C4394428A7DB6F00A93D92 /* Products */ = {
			isa = PBXGroup;
			children = (
				23C4394328A7DB6F00A93D92 /* MultiplicationPractice.app */,
			);
			name = Products;
			sourceTree = "<group>";
		};
		23C4394528A7DB6F00A93D92 /* MultiplicationPractice */ = {
			isa = PBXGroup;
			children = (
				2356FF3A28A7DD0100FD84C0 /* Coordinators */,
				23C4394628A7DB6F00A93D92 /* MultiplicationPracticeApp.swift */,
				23C4394A28A7DB7000A93D92 /* Assets.xcassets */,
				23C4394C28A7DB7000A93D92 /* Preview Content */,
				2356FF3D28A7DE7B00FD84C0 /* HomeScreen.swift */,
				2356FF3F28A7DEA300FD84C0 /* GameScreen.swift */,
				2356FF4128A80C3600FD84C0 /* Question.swift */,
			);
			path = MultiplicationPractice;
			sourceTree = "<group>";
		};
		23C4394C28A7DB7000A93D92 /* Preview Content */ = {
			isa = PBXGroup;
			children = (
				23C4394D28A7DB7000A93D92 /* Preview Assets.xcassets */,
			);
			path = "Preview Content";
			sourceTree = "<group>";
		};
/* End PBXGroup section */

/* Begin PBXNativeTarget section */
		23C4394228A7DB6F00A93D92 /* MultiplicationPractice */ = {
			isa = PBXNativeTarget;
			buildConfigurationList = 23C4395128A7DB7000A93D92 /* Build configuration list for PBXNativeTarget "MultiplicationPractice" */;
			buildPhases = (
				23C4393F28A7DB6F00A93D92 /* Sources */,
				23C4394028A7DB6F00A93D92 /* Frameworks */,
				23C4394128A7DB6F00A93D92 /* Resources */,
			);
			buildRules = (
			);
			dependencies = (
			);
			name = MultiplicationPractice;
			packageProductDependencies = (
				23C4395528A7DBC400A93D92 /* FlowStacks */,
			);
			productName = MultiplicationPractice;
			productReference = 23C4394328A7DB6F00A93D92 /* MultiplicationPractice.app */;
			productType = "com.apple.product-type.application";
		};
/* End PBXNativeTarget section */

/* Begin PBXProject section */
		23C4393B28A7DB6F00A93D92 /* Project object */ = {
			isa = PBXProject;
			attributes = {
				BuildIndependentTargetsInParallel = 1;
				LastSwiftUpdateCheck = 1340;
				LastUpgradeCheck = 1340;
				TargetAttributes = {
					23C4394228A7DB6F00A93D92 = {
						CreatedOnToolsVersion = 13.4.1;
					};
				};
			};
			buildConfigurationList = 23C4393E28A7DB6F00A93D92 /* Build configuration list for PBXProject "MultiplicationPractice" */;
			compatibilityVersion = "Xcode 13.0";
			developmentRegion = en;
			hasScannedForEncodings = 0;
			knownRegions = (
				en,
				Base,
			);
			mainGroup = 23C4393A28A7DB6F00A93D92;
			packageReferences = (
				23C4395428A7DBC400A93D92 /* XCRemoteSwiftPackageReference "FlowStacks" */,
			);
			productRefGroup = 23C4394428A7DB6F00A93D92 /* Products */;
			projectDirPath = "";
			projectRoot = "";
			targets = (
				23C4394228A7DB6F00A93D92 /* MultiplicationPractice */,
			);
		};
/* End PBXProject section */

/* Begin PBXResourcesBuildPhase section */
		23C4394128A7DB6F00A93D92 /* Resources */ = {
			isa = PBXResourcesBuildPhase;
			buildActionMask = 2147483647;
			files = (
				23C4394E28A7DB7000A93D92 /* Preview Assets.xcassets in Resources */,
				23C4394B28A7DB7000A93D92 /* Assets.xcassets in Resources */,
			);
			runOnlyForDeploymentPostprocessing = 0;
		};
/* End PBXResourcesBuildPhase section */

/* Begin PBXSourcesBuildPhase section */
		23C4393F28A7DB6F00A93D92 /* Sources */ = {
			isa = PBXSourcesBuildPhase;
			buildActionMask = 2147483647;
			files = (
				2356FF4228A80C3600FD84C0 /* Question.swift in Sources */,
				2356FF3C28A7DD1200FD84C0 /* AppCoordinator.swift in Sources */,
				2356FF4028A7DEA300FD84C0 /* GameScreen.swift in Sources */,
				23C4394728A7DB6F00A93D92 /* MultiplicationPracticeApp.swift in Sources */,
				2356FF3E28A7DE7B00FD84C0 /* HomeScreen.swift in Sources */,
			);
			runOnlyForDeploymentPostprocessing = 0;
		};
/* End PBXSourcesBuildPhase section */

/* Begin XCBuildConfiguration section */
		23C4394F28A7DB7000A93D92 /* Debug */ = {
			isa = XCBuildConfiguration;
			buildSettings = {
				ALWAYS_SEARCH_USER_PATHS = NO;
				CLANG_ANALYZER_NONNULL = YES;
				CLANG_ANALYZER_NUMBER_OBJECT_CONVERSION = YES_AGGRESSIVE;
				CLANG_CXX_LANGUAGE_STANDARD = "gnu++17";
				CLANG_ENABLE_MODULES = YES;
				CLANG_ENABLE_OBJC_ARC = YES;
				CLANG_ENABLE_OBJC_WEAK = YES;
				CLANG_WARN_BLOCK_CAPTURE_AUTORELEASING = YES;
				CLANG_WARN_BOOL_CONVERSION = YES;
				CLANG_WARN_COMMA = YES;
				CLANG_WARN_CONSTANT_CONVERSION = YES;
				CLANG_WARN_DEPRECATED_OBJC_IMPLEMENTATIONS = YES;
				CLANG_WARN_DIRECT_OBJC_ISA_USAGE = YES_ERROR;
				CLANG_WARN_DOCUMENTATION_COMMENTS = YES;
				CLANG_WARN_EMPTY_BODY = YES;
				CLANG_WARN_ENUM_CONVERSION = YES;
				CLANG_WARN_INFINITE_RECURSION = YES;
				CLANG_WARN_INT_CONVERSION = YES;
				CLANG_WARN_NON_LITERAL_NULL_CONVERSION = YES;
				CLANG_WARN_OBJC_IMPLICIT_RETAIN_SELF = YES;
				CLANG_WARN_OBJC_LITERAL_CONVERSION = YES;
				CLANG_WARN_OBJC_ROOT_CLASS = YES_ERROR;
				CLANG_WARN_QUOTED_INCLUDE_IN_FRAMEWORK_HEADER = YES;
				CLANG_WARN_RANGE_LOOP_ANALYSIS = YES;
				CLANG_WARN_STRICT_PROTOTYPES = YES;
				CLANG_WARN_SUSPICIOUS_MOVE = YES;
				CLANG_WARN_UNGUARDED_AVAILABILITY = YES_AGGRESSIVE;
				CLANG_WARN_UNREACHABLE_CODE = YES;
				CLANG_WARN__DUPLICATE_METHOD_MATCH = YES;
				COPY_PHASE_STRIP = NO;
				DEBUG_INFORMATION_FORMAT = dwarf;
				ENABLE_STRICT_OBJC_MSGSEND = YES;
				ENABLE_TESTABILITY = YES;
				GCC_C_LANGUAGE_STANDARD = gnu11;
				GCC_DYNAMIC_NO_PIC = NO;
				GCC_NO_COMMON_BLOCKS = YES;
				GCC_OPTIMIZATION_LEVEL = 0;
				GCC_PREPROCESSOR_DEFINITIONS = (
					"DEBUG=1",
					"$(inherited)",
				);
				GCC_WARN_64_TO_32_BIT_CONVERSION = YES;
				GCC_WARN_ABOUT_RETURN_TYPE = YES_ERROR;
				GCC_WARN_UNDECLARED_SELECTOR = YES;
				GCC_WARN_UNINITIALIZED_AUTOS = YES_AGGRESSIVE;
				GCC_WARN_UNUSED_FUNCTION = YES;
				GCC_WARN_UNUSED_VARIABLE = YES;
				IPHONEOS_DEPLOYMENT_TARGET = 15.5;
				MTL_ENABLE_DEBUG_INFO = INCLUDE_SOURCE;
				MTL_FAST_MATH = YES;
				ONLY_ACTIVE_ARCH = YES;
				SDKROOT = iphoneos;
				SWIFT_ACTIVE_COMPILATION_CONDITIONS = DEBUG;
				SWIFT_OPTIMIZATION_LEVEL = "-Onone";
			};
			name = Debug;
		};
		23C4395028A7DB7000A93D92 /* Release */ = {
			isa = XCBuildConfiguration;
			buildSettings = {
				ALWAYS_SEARCH_USER_PATHS = NO;
				CLANG_ANALYZER_NONNULL = YES;
				CLANG_ANALYZER_NUMBER_OBJECT_CONVERSION = YES_AGGRESSIVE;
				CLANG_CXX_LANGUAGE_STANDARD = "gnu++17";
				CLANG_ENABLE_MODULES = YES;
				CLANG_ENABLE_OBJC_ARC = YES;
				CLANG_ENABLE_OBJC_WEAK = YES;
				CLANG_WARN_BLOCK_CAPTURE_AUTORELEASING = YES;
				CLANG_WARN_BOOL_CONVERSION = YES;
				CLANG_WARN_COMMA = YES;
				CLANG_WARN_CONSTANT_CONVERSION = YES;
				CLANG_WARN_DEPRECATED_OBJC_IMPLEMENTATIONS = YES;
				CLANG_WARN_DIRECT_OBJC_ISA_USAGE = YES_ERROR;
				CLANG_WARN_DOCUMENTATION_COMMENTS = YES;
				CLANG_WARN_EMPTY_BODY = YES;
				CLANG_WARN_ENUM_CONVERSION = YES;
				CLANG_WARN_INFINITE_RECURSION = YES;
				CLANG_WARN_INT_CONVERSION = YES;
				CLANG_WARN_NON_LITERAL_NULL_CONVERSION = YES;
				CLANG_WARN_OBJC_IMPLICIT_RETAIN_SELF = YES;
				CLANG_WARN_OBJC_LITERAL_CONVERSION = YES;
				CLANG_WARN_OBJC_ROOT_CLASS = YES_ERROR;
				CLANG_WARN_QUOTED_INCLUDE_IN_FRAMEWORK_HEADER = YES;
				CLANG_WARN_RANGE_LOOP_ANALYSIS = YES;
				CLANG_WARN_STRICT_PROTOTYPES = YES;
				CLANG_WARN_SUSPICIOUS_MOVE = YES;
				CLANG_WARN_UNGUARDED_AVAILABILITY = YES_AGGRESSIVE;
				CLANG_WARN_UNREACHABLE_CODE = YES;
				CLANG_WARN__DUPLICATE_METHOD_MATCH = YES;
				COPY_PHASE_STRIP = NO;
				DEBUG_INFORMATION_FORMAT = "dwarf-with-dsym";
				ENABLE_NS_ASSERTIONS = NO;
				ENABLE_STRICT_OBJC_MSGSEND = YES;
				GCC_C_LANGUAGE_STANDARD = gnu11;
				GCC_NO_COMMON_BLOCKS = YES;
				GCC_WARN_64_TO_32_BIT_CONVERSION = YES;
				GCC_WARN_ABOUT_RETURN_TYPE = YES_ERROR;
				GCC_WARN_UNDECLARED_SELECTOR = YES;
				GCC_WARN_UNINITIALIZED_AUTOS = YES_AGGRESSIVE;
				GCC_WARN_UNUSED_FUNCTION = YES;
				GCC_WARN_UNUSED_VARIABLE = YES;
				IPHONEOS_DEPLOYMENT_TARGET = 15.5;
				MTL_ENABLE_DEBUG_INFO = NO;
				MTL_FAST_MATH = YES;
				SDKROOT = iphoneos;
				SWIFT_COMPILATION_MODE = wholemodule;
				SWIFT_OPTIMIZATION_LEVEL = "-O";
				VALIDATE_PRODUCT = YES;
			};
			name = Release;
		};
		23C4395228A7DB7000A93D92 /* Debug */ = {
			isa = XCBuildConfiguration;
			buildSettings = {
				ASSETCATALOG_COMPILER_APPICON_NAME = AppIcon;
				ASSETCATALOG_COMPILER_GLOBAL_ACCENT_COLOR_NAME = AccentColor;
				CODE_SIGN_STYLE = Automatic;
				CURRENT_PROJECT_VERSION = 1;
				DEVELOPMENT_ASSET_PATHS = "\"MultiplicationPractice/Preview Content\"";
				DEVELOPMENT_TEAM = GTN555AF5L;
				ENABLE_PREVIEWS = YES;
				GENERATE_INFOPLIST_FILE = YES;
				INFOPLIST_KEY_UIApplicationSceneManifest_Generation = YES;
				INFOPLIST_KEY_UIApplicationSupportsIndirectInputEvents = YES;
				INFOPLIST_KEY_UILaunchScreen_Generation = YES;
				INFOPLIST_KEY_UISupportedInterfaceOrientations_iPad = "UIInterfaceOrientationPortrait UIInterfaceOrientationPortraitUpsideDown UIInterfaceOrientationLandscapeLeft UIInterfaceOrientationLandscapeRight";
				INFOPLIST_KEY_UISupportedInterfaceOrientations_iPhone = "UIInterfaceOrientationPortrait UIInterfaceOrientationLandscapeLeft UIInterfaceOrientationLandscapeRight";
				LD_RUNPATH_SEARCH_PATHS = (
					"$(inherited)",
					"@executable_path/Frameworks",
				);
				MARKETING_VERSION = 1.0;
				PRODUCT_BUNDLE_IDENTIFIER = com.canonal.MultiplicationPractice;
				PRODUCT_NAME = "$(TARGET_NAME)";
				SWIFT_EMIT_LOC_STRINGS = YES;
				SWIFT_VERSION = 5.0;
				TARGETED_DEVICE_FAMILY = "1,2";
			};
			name = Debug;
		};
		23C4395328A7DB7000A93D92 /* Release */ = {
			isa = XCBuildConfiguration;
			buildSettings = {
				ASSETCATALOG_COMPILER_APPICON_NAME = AppIcon;
				ASSETCATALOG_COMPILER_GLOBAL_ACCENT_COLOR_NAME = AccentColor;
				CODE_SIGN_STYLE = Automatic;
				CURRENT_PROJECT_VERSION = 1;
				DEVELOPMENT_ASSET_PATHS = "\"MultiplicationPractice/Preview Content\"";
				DEVELOPMENT_TEAM = GTN555AF5L;
				ENABLE_PREVIEWS = YES;
				GENERATE_INFOPLIST_FILE = YES;
				INFOPLIST_KEY_UIApplicationSceneManifest_Generation = YES;
				INFOPLIST_KEY_UIApplicationSupportsIndirectInputEvents = YES;
				INFOPLIST_KEY_UILaunchScreen_Generation = YES;
				INFOPLIST_KEY_UISupportedInterfaceOrientations_iPad = "UIInterfaceOrientationPortrait UIInterfaceOrientationPortraitUpsideDown UIInterfaceOrientationLandscapeLeft UIInterfaceOrientationLandscapeRight";
				INFOPLIST_KEY_UISupportedInterfaceOrientations_iPhone = "UIInterfaceOrientationPortrait UIInterfaceOrientationLandscapeLeft UIInterfaceOrientationLandscapeRight";
				LD_RUNPATH_SEARCH_PATHS = (
					"$(inherited)",
					"@executable_path/Frameworks",
				);
				MARKETING_VERSION = 1.0;
				PRODUCT_BUNDLE_IDENTIFIER = com.canonal.MultiplicationPractice;
				PRODUCT_NAME = "$(TARGET_NAME)";
				SWIFT_EMIT_LOC_STRINGS = YES;
				SWIFT_VERSION = 5.0;
				TARGETED_DEVICE_FAMILY = "1,2";
			};
			name = Release;
		};
/* End XCBuildConfiguration section */

/* Begin XCConfigurationList section */
		23C4393E28A7DB6F00A93D92 /* Build configuration list for PBXProject "MultiplicationPractice" */ = {
			isa = XCConfigurationList;
			buildConfigurations = (
				23C4394F28A7DB7000A93D92 /* Debug */,
				23C4395028A7DB7000A93D92 /* Release */,
			);
			defaultConfigurationIsVisible = 0;
			defaultConfigurationName = Release;
		};
		23C4395128A7DB7000A93D92 /* Build configuration list for PBXNativeTarget "MultiplicationPractice" */ = {
			isa = XCConfigurationList;
			buildConfigurations = (
				23C4395228A7DB7000A93D92 /* Debug */,
				23C4395328A7DB7000A93D92 /* Release */,
			);
			defaultConfigurationIsVisible = 0;
			defaultConfigurationName = Release;
		};
/* End XCConfigurationList section */

/* Begin XCRemoteSwiftPackageReference section */
		23C4395428A7DBC400A93D92 /* XCRemoteSwiftPackageReference "FlowStacks" */ = {
			isa = XCRemoteSwiftPackageReference;
			repositoryURL = "https://github.com/johnpatrickmorgan/FlowStacks";
			requirement = {
				kind = upToNextMajorVersion;
				minimumVersion = 0.2.3;
			};
		};
/* End XCRemoteSwiftPackageReference section */

/* Begin XCSwiftPackageProductDependency section */
		23C4395528A7DBC400A93D92 /* FlowStacks */ = {
			isa = XCSwiftPackageProductDependency;
			package = 23C4395428A7DBC400A93D92 /* XCRemoteSwiftPackageReference "FlowStacks" */;
			productName = FlowStacks;
		};
/* End XCSwiftPackageProductDependency section */
	};
	rootObject = 23C4393B28A7DB6F00A93D92 /* Project object */;
}
